{
  "nodes": {
    "agenix": {
      "inputs": {
        "darwin": "darwin",
        "home-manager": [
          "home-manager"
        ],
        "nixpkgs": [
          "nixpkgs"
        ],
        "systems": [
          "systems"
        ]
      },
      "locked": {
        "lastModified": 1723293904,
        "narHash": "sha256-b+uqzj+Wa6xgMS9aNbX4I+sXeb5biPDi39VgvSFqFvU=",
        "owner": "ryantm",
        "repo": "agenix",
        "rev": "f6291c5935fdc4e0bef208cfc0dcab7e3f7a1c41",
        "type": "github"
      },
      "original": {
        "owner": "ryantm",
        "repo": "agenix",
        "type": "github"
      }
    },
    "base16": {
      "inputs": {
        "fromYaml": "fromYaml"
      },
      "locked": {
        "lastModified": 1708890466,
        "narHash": "sha256-LlrC09LoPi8OPYOGPXegD72v+//VapgAqhbOFS3i8sc=",
        "owner": "SenchoPens",
        "repo": "base16.nix",
        "rev": "665b3c6748534eb766c777298721cece9453fdae",
        "type": "github"
      },
      "original": {
        "owner": "SenchoPens",
        "repo": "base16.nix",
        "type": "github"
      }
    },
    "base16-fish": {
      "flake": false,
      "locked": {
        "lastModified": 1622559957,
        "narHash": "sha256-PebymhVYbL8trDVVXxCvZgc0S5VxI7I1Hv4RMSquTpA=",
        "owner": "tomyun",
        "repo": "base16-fish",
        "rev": "2f6dd973a9075dabccd26f1cded09508180bf5fe",
        "type": "github"
      },
      "original": {
        "owner": "tomyun",
        "repo": "base16-fish",
        "type": "github"
      }
    },
    "base16-helix": {
      "flake": false,
      "locked": {
        "lastModified": 1725860795,
        "narHash": "sha256-Z2o8VBPW3I+KKTSfe25kskz0EUj7MpUh8u355Z1nVsU=",
        "owner": "tinted-theming",
        "repo": "base16-helix",
        "rev": "7f795bf75d38e0eea9fed287264067ca187b88a9",
        "type": "github"
      },
      "original": {
        "owner": "tinted-theming",
        "repo": "base16-helix",
        "type": "github"
      }
    },
    "base16-vim": {
      "flake": false,
      "locked": {
        "lastModified": 1716150083,
        "narHash": "sha256-ZMhnNmw34ogE5rJZrjRv5MtG3WaqKd60ds2VXvT6hEc=",
        "owner": "tinted-theming",
        "repo": "base16-vim",
        "rev": "6e955d704d046b0dc3e5c2d68a2a6eeffd2b5d3d",
        "type": "github"
      },
      "original": {
        "owner": "tinted-theming",
        "repo": "base16-vim",
        "type": "github"
      }
    },
    "darwin": {
      "inputs": {
        "nixpkgs": [
          "agenix",
          "nixpkgs"
        ]
      },
      "locked": {
        "lastModified": 1700795494,
        "narHash": "sha256-gzGLZSiOhf155FW7262kdHo2YDeugp3VuIFb4/GGng0=",
        "owner": "lnl7",
        "repo": "nix-darwin",
        "rev": "4b9b83d5a92e8c1fbfd8eb27eda375908c11ec4d",
        "type": "github"
      },
      "original": {
        "owner": "lnl7",
        "ref": "master",
        "repo": "nix-darwin",
        "type": "github"
      }
    },
    "flake-compat": {
      "flake": false,
      "locked": {
        "lastModified": 1673956053,
        "narHash": "sha256-4gtG9iQuiKITOjNQQeQIpoIB6b16fm+504Ch3sNKLd8=",
        "owner": "edolstra",
        "repo": "flake-compat",
        "rev": "35bb57c0c8d8b62bbfd284272c928ceb64ddbde9",
        "type": "github"
      },
      "original": {
        "owner": "edolstra",
        "repo": "flake-compat",
        "type": "github"
      }
    },
    "flake-parts": {
      "inputs": {
        "nixpkgs-lib": [
          "nixpkgs"
        ]
      },
      "locked": {
        "lastModified": 1726153070,
        "narHash": "sha256-HO4zgY0ekfwO5bX0QH/3kJ/h4KvUDFZg8YpkNwIbg1U=",
        "owner": "hercules-ci",
        "repo": "flake-parts",
        "rev": "bcef6817a8b2aa20a5a6dbb19b43e63c5bf8619a",
        "type": "github"
      },
      "original": {
        "owner": "hercules-ci",
        "repo": "flake-parts",
        "type": "github"
      }
    },
    "flake-utils": {
      "inputs": {
        "systems": [
          "systems"
        ]
      },
      "locked": {
        "lastModified": 1726560853,
        "narHash": "sha256-X6rJYSESBVr3hBoH0WbKE5KvhPU5bloyZ2L4K60/fPQ=",
        "owner": "numtide",
        "repo": "flake-utils",
        "rev": "c1dfcf08411b08f6b8615f7d8971a2bfa81d5e8a",
        "type": "github"
      },
      "original": {
        "owner": "numtide",
        "repo": "flake-utils",
        "type": "github"
      }
    },
    "flake-utils-plus": {
      "inputs": {
        "flake-utils": [
          "flake-utils"
        ]
      },
      "locked": {
        "lastModified": 1722363685,
        "narHash": "sha256-XCf2PIAT6lH7BwytgioPmVf/wkzXjSKScC4KzcZgb64=",
        "owner": "gytis-ivaskevicius",
        "repo": "flake-utils-plus",
        "rev": "6b10f51ff73a66bb29f3bc8151a59d217713f496",
        "type": "github"
      },
      "original": {
        "owner": "gytis-ivaskevicius",
        "repo": "flake-utils-plus",
        "type": "github"
      }
    },
    "fromYaml": {
      "flake": false,
      "locked": {
        "lastModified": 1689549921,
        "narHash": "sha256-iX0pk/uB019TdBGlaJEWvBCfydT6sRq+eDcGPifVsCM=",
        "owner": "SenchoPens",
        "repo": "fromYaml",
        "rev": "11fbbbfb32e3289d3c631e0134a23854e7865c84",
        "type": "github"
      },
      "original": {
        "owner": "SenchoPens",
        "repo": "fromYaml",
        "type": "github"
      }
    },
    "gnome-shell": {
      "flake": false,
      "locked": {
        "lastModified": 1713702291,
        "narHash": "sha256-zYP1ehjtcV8fo+c+JFfkAqktZ384Y+y779fzmR9lQAU=",
        "owner": "GNOME",
        "repo": "gnome-shell",
        "rev": "0d0aadf013f78a7f7f1dc984d0d812971864b934",
        "type": "github"
      },
      "original": {
        "owner": "GNOME",
        "ref": "46.1",
        "repo": "gnome-shell",
        "type": "github"
      }
    },
    "home-manager": {
      "inputs": {
        "nixpkgs": [
          "nixpkgs"
        ]
      },
      "locked": {
        "lastModified": 1727383923,
        "narHash": "sha256-4/vacp3CwdGoPf8U4e/N8OsGYtO09WTcQK5FqYfJbKs=",
        "owner": "nix-community",
        "repo": "home-manager",
        "rev": "ffe2d07e771580a005e675108212597e5b367d2d",
        "type": "github"
      },
      "original": {
        "owner": "nix-community",
        "repo": "home-manager",
        "type": "github"
      }
    },
    "naersk": {
      "inputs": {
        "nixpkgs": [
          "wlrs-bar",
          "nixpkgs"
        ]
      },
      "locked": {
        "lastModified": 1721727458,
        "narHash": "sha256-r/xppY958gmZ4oTfLiHN0ZGuQ+RSTijDblVgVLFi1mw=",
        "owner": "nmattia",
        "repo": "naersk",
        "rev": "3fb418eaf352498f6b6c30592e3beb63df42ef11",
        "type": "github"
      },
      "original": {
        "owner": "nmattia",
        "repo": "naersk",
        "type": "github"
      }
    },
    "nix-citizen": {
      "inputs": {
        "nix-gaming": [
          "nix-gaming"
        ],
        "nix-github-actions": "nix-github-actions",
        "nixpkgs": [
          "nixpkgs"
        ],
        "systems": [
          "systems"
        ],
        "treefmt-nix": "treefmt-nix"
      },
      "locked": {
        "lastModified": 1727400780,
        "narHash": "sha256-fXIsIAwX0ogMmZA2SWbH6Z0H9dfs9E3+9tqQyqVll+o=",
        "owner": "LovingMelody",
        "repo": "nix-citizen",
        "rev": "cb7bc6e1232f5e25d7dfddb64b1f4d701566d6dc",
        "type": "github"
      },
      "original": {
        "owner": "LovingMelody",
        "repo": "nix-citizen",
        "type": "github"
      }
    },
    "nix-gaming": {
      "inputs": {
        "flake-parts": [
          "flake-parts"
        ],
        "nixpkgs": [
          "nixpkgs"
        ],
        "umu": "umu"
      },
      "locked": {
        "lastModified": 1727420283,
        "narHash": "sha256-Da6aBQckH3J/HKm9AFlwNrnbEamNe+JiOFZpNlH53lE=",
        "owner": "fufexan",
        "repo": "nix-gaming",
        "rev": "615ff6f867b4dfb22cbcba106d2a80dab39a190d",
        "type": "github"
      },
      "original": {
        "owner": "fufexan",
        "repo": "nix-gaming",
        "type": "github"
      }
    },
    "nix-github-actions": {
      "inputs": {
        "nixpkgs": [
          "nix-citizen",
          "nixpkgs"
        ]
      },
      "locked": {
        "lastModified": 1720066371,
        "narHash": "sha256-uPlLYH2S0ACj0IcgaK9Lsf4spmJoGejR9DotXiXSBZQ=",
        "owner": "nix-community",
        "repo": "nix-github-actions",
        "rev": "622f829f5fe69310a866c8a6cd07e747c44ef820",
        "type": "github"
      },
      "original": {
        "owner": "nix-community",
        "repo": "nix-github-actions",
        "type": "github"
      }
    },
    "nixos-hardware": {
      "locked": {
        "lastModified": 1727437159,
        "narHash": "sha256-v4qLwEw5OmprgQZTT7KZMNU7JjXJzRypw8+Cw6++fWk=",
        "owner": "nixos",
        "repo": "nixos-hardware",
        "rev": "d830ad47cc992b4a46b342bbc79694cbd0e980b2",
        "type": "github"
      },
      "original": {
        "owner": "nixos",
        "repo": "nixos-hardware",
        "type": "github"
      }
    },
    "nixpkgs": {
      "locked": {
        "lastModified": 1727122398,
        "narHash": "sha256-o8VBeCWHBxGd4kVMceIayf5GApqTavJbTa44Xcg5Rrk=",
        "owner": "nixos",
        "repo": "nixpkgs",
        "rev": "30439d93eb8b19861ccbe3e581abf97bdc91b093",
        "type": "github"
      },
      "original": {
        "owner": "nixos",
        "ref": "nixos-unstable",
        "repo": "nixpkgs",
        "type": "github"
      }
    },
    "nixpkgs-stable": {
      "locked": {
        "lastModified": 1727264057,
        "narHash": "sha256-KQPI8CTTnB9CrJ7LrmLC4VWbKZfljEPBXOFGZFRpxao=",
        "owner": "nixos",
        "repo": "nixpkgs",
        "rev": "759537f06e6999e141588ff1c9be7f3a5c060106",
        "type": "github"
      },
      "original": {
        "owner": "nixos",
        "ref": "nixos-24.05",
        "repo": "nixpkgs",
        "type": "github"
      }
    },
    "root": {
      "inputs": {
        "agenix": "agenix",
        "flake-parts": "flake-parts",
        "flake-utils": "flake-utils",
        "flake-utils-plus": "flake-utils-plus",
        "home-manager": "home-manager",
        "nix-citizen": "nix-citizen",
        "nix-gaming": "nix-gaming",
        "nixos-hardware": "nixos-hardware",
        "nixpkgs": "nixpkgs",
        "nixpkgs-stable": "nixpkgs-stable",
        "stylix": "stylix",
        "systems": "systems",
        "wlrs-bar": "wlrs-bar",
        "zig-prompt": "zig-prompt"
      }
    },
    "stylix": {
      "inputs": {
        "base16": "base16",
        "base16-fish": "base16-fish",
        "base16-helix": "base16-helix",
        "base16-vim": "base16-vim",
        "flake-compat": "flake-compat",
        "flake-utils": [
          "flake-utils"
        ],
        "gnome-shell": "gnome-shell",
        "home-manager": [
          "home-manager"
        ],
        "nixpkgs": [
          "nixpkgs"
        ],
        "systems": [
          "systems"
        ],
        "tinted-foot": "tinted-foot",
        "tinted-kitty": "tinted-kitty",
        "tinted-tmux": "tinted-tmux"
      },
      "locked": {
        "lastModified": 1727362643,
        "narHash": "sha256-Ceiq/aYjRlRBU677lBaemn8ZU2Jpr08Iso6UlBc9nFc=",
        "owner": "danth",
        "repo": "stylix",
        "rev": "e3eb7fdf8d129ff3676dfbc84ee1262322ca6fb4",
        "type": "github"
      },
      "original": {
        "owner": "danth",
        "repo": "stylix",
        "type": "github"
      }
    },
    "systems": {
      "flake": false,
      "locked": {
        "lastModified": 1,
        "narHash": "sha256-zklqYResGOhx59bPMTdCzf7qSwNnwP4I/mYLV/C48iI=",
        "path": "./systems.nix",
        "type": "path"
      },
      "original": {
        "path": "./systems.nix",
        "type": "path"
      }
    },
    "tinted-foot": {
      "flake": false,
      "locked": {
        "lastModified": 1696725948,
        "narHash": "sha256-65bz2bUL/yzZ1c8/GQASnoiGwaF8DczlxJtzik1c0AU=",
        "owner": "tinted-theming",
        "repo": "tinted-foot",
        "rev": "eedbcfa30de0a4baa03e99f5e3ceb5535c2755ce",
        "type": "github"
      },
      "original": {
        "owner": "tinted-theming",
        "repo": "tinted-foot",
        "type": "github"
      }
    },
    "tinted-kitty": {
      "flake": false,
      "locked": {
        "lastModified": 1665001328,
        "narHash": "sha256-aRaizTYPpuWEcvoYE9U+YRX+Wsc8+iG0guQJbvxEdJY=",
        "owner": "tinted-theming",
        "repo": "tinted-kitty",
        "rev": "06bb401fa9a0ffb84365905ffbb959ae5bf40805",
        "type": "github"
      },
      "original": {
        "owner": "tinted-theming",
        "repo": "tinted-kitty",
        "type": "github"
      }
    },
    "tinted-tmux": {
      "flake": false,
      "locked": {
        "lastModified": 1696725902,
        "narHash": "sha256-wDPg5elZPcQpu7Df0lI5O8Jv4A3T6jUQIVg63KDU+3Q=",
        "owner": "tinted-theming",
        "repo": "tinted-tmux",
        "rev": "c02050bebb60dbb20cb433cd4d8ce668ecc11ba7",
        "type": "github"
      },
      "original": {
        "owner": "tinted-theming",
        "repo": "tinted-tmux",
        "type": "github"
      }
    },
    "treefmt-nix": {
      "inputs": {
        "nixpkgs": [
          "nix-citizen",
          "nixpkgs"
        ]
      },
      "locked": {
        "lastModified": 1727252110,
        "narHash": "sha256-3O7RWiXpvqBcCl84Mvqa8dXudZ1Bol1ubNdSmQt7nF4=",
        "owner": "numtide",
        "repo": "treefmt-nix",
        "rev": "1bff2ba6ec22bc90e9ad3f7e94cca0d37870afa3",
        "type": "github"
      },
      "original": {
        "owner": "numtide",
        "repo": "treefmt-nix",
        "type": "github"
      }
    },
    "umu": {
      "inputs": {
        "nixpkgs": [
          "nix-gaming",
          "nixpkgs"
        ]
      },
      "locked": {
        "dir": "packaging/nix",
        "lastModified": 1726768365,
        "narHash": "sha256-5yQJ3krsZioC+Nim4/oaOjKp3CXFWolTFMpXnUBcYtE=",
        "ref": "refs/heads/main",
        "rev": "e42043a26639cfb69d14c6945ecdebe2bb3c42fc",
        "revCount": 727,
        "submodules": true,
        "type": "git",
        "url": "https://github.com/Open-Wine-Components/umu-launcher/?dir=packaging/nix"
      },
      "original": {
        "dir": "packaging/nix",
        "submodules": true,
        "type": "git",
        "url": "https://github.com/Open-Wine-Components/umu-launcher/?dir=packaging/nix"
      }
    },
    "wlrs-bar": {
      "inputs": {
        "flake-utils": [
          "flake-utils"
        ],
        "naersk": "naersk",
        "nixpkgs": [
          "nixpkgs"
        ]
      },
      "locked": {
        "lastModified": 1727411603,
        "narHash": "sha256-etVLRMHCAL6flJ8cdWWpjftMh5nPUwb5DRc9MXmMs3E=",
        "owner": "elijahimmer",
        "repo": "wlrs-bar",
        "rev": "cf34a8b78062996ab22f69b8eac9132f1763e993",
        "type": "github"
      },
      "original": {
        "owner": "elijahimmer",
        "repo": "wlrs-bar",
        "type": "github"
      }
    },
    "zig-prompt": {
      "inputs": {
        "flake-utils": [
          "flake-utils"
        ],
        "nixpkgs": [
          "nixpkgs"
        ],
        "systems": [
          "systems"
        ]
      },
      "locked": {
        "lastModified": 1727640155,
        "narHash": "sha256-YGkvaW/cA4AR6sd/5ounKLCMFfohAykk6WivnhV03MY=",
        "owner": "elijahimmer",
        "repo": "zig-prompt",
        "rev": "1ccfc971cb6235a5ec120109235146f1d8bc2f71",
        "type": "github"
      },
      "original": {
        "owner": "elijahimmer",
        "repo": "zig-prompt",
        "type": "github"
      }
    }
  },
  "root": "root",
  "version": 7
}
